
Microsoft Visual Studio Solution File, Format Version 12.00
# Visual Studio Version 17
VisualStudioVersion = 17.4.33110.190
MinimumVisualStudioVersion = 10.0.40219.1
Project("{FAE04EC0-301F-11D3-BF4B-00C04F79EFBC}") = "PruebaBackend", "PruebaBackend\PruebaBackend.csproj", "{B60D49EA-05D6-410B-BB75-6DC9E0D92D5A}"
EndProject
Global
	GlobalSection(SolutionConfigurationPlatforms) = preSolution
		Debug|Any CPU = Debug|Any CPU
		Release|Any CPU = Release|Any CPU
	EndGlobalSection
	GlobalSection(ProjectConfigurationPlatforms) = postSolution
		{B60D49EA-05D6-410B-BB75-6DC9E0D92D5A}.Debug|Any CPU.ActiveCfg = Debug|Any CPU
		{B60D49EA-05D6-410B-BB75-6DC9E0D92D5A}.Debug|Any CPU.Build.0 = Debug|Any CPU
		{B60D49EA-05D6-410B-BB75-6DC9E0D92D5A}.Release|Any CPU.ActiveCfg = Release|Any CPU
		{B60D49EA-05D6-410B-BB75-6DC9E0D92D5A}.Release|Any CPU.Build.0 = Release|Any CPU
	EndGlobalSection
	GlobalSection(SolutionProperties) = preSolution
		HideSolutionNode = FALSE
	EndGlobalSection
	GlobalSection(ExtensibilityGlobals) = postSolution
		SolutionGuid = {51D4C1A5-9ADD-456C-988C-B13475F175C9}
	EndGlobalSection
EndGlobal
